
Microsoft Visual Studio Solution File, Format Version 12.00
# Visual Studio Version 17
VisualStudioVersion = 17.7.34024.191
MinimumVisualStudioVersion = 10.0.40219.1
Project("{9A19103F-16F7-4668-BE54-9A1E7A4F7556}") = "UML_3_Camilla", "UML 3 Camilla\UML_3_Camilla.csproj", "{F4E53F1F-2C94-465F-91CB-DA7BAEB98780}"
EndProject
Project("{FAE04EC0-301F-11D3-BF4B-00C04F79EFBC}") = "UML_3_Camilla_Test", "UML 3 Camilla Test\UML_3_Camilla_Test.csproj", "{75D236B0-B8D1-4C40-89A0-0CE6CBFA6D78}"
EndProject
Global
	GlobalSection(SolutionConfigurationPlatforms) = preSolution
		Debug|Any CPU = Debug|Any CPU
		Release|Any CPU = Release|Any CPU
	EndGlobalSection
	GlobalSection(ProjectConfigurationPlatforms) = postSolution
		{F4E53F1F-2C94-465F-91CB-DA7BAEB98780}.Debug|Any CPU.ActiveCfg = Debug|Any CPU
		{F4E53F1F-2C94-465F-91CB-DA7BAEB98780}.Debug|Any CPU.Build.0 = Debug|Any CPU
		{F4E53F1F-2C94-465F-91CB-DA7BAEB98780}.Release|Any CPU.ActiveCfg = Release|Any CPU
		{F4E53F1F-2C94-465F-91CB-DA7BAEB98780}.Release|Any CPU.Build.0 = Release|Any CPU
		{75D236B0-B8D1-4C40-89A0-0CE6CBFA6D78}.Debug|Any CPU.ActiveCfg = Debug|Any CPU
		{75D236B0-B8D1-4C40-89A0-0CE6CBFA6D78}.Debug|Any CPU.Build.0 = Debug|Any CPU
		{75D236B0-B8D1-4C40-89A0-0CE6CBFA6D78}.Release|Any CPU.ActiveCfg = Release|Any CPU
		{75D236B0-B8D1-4C40-89A0-0CE6CBFA6D78}.Release|Any CPU.Build.0 = Release|Any CPU
	EndGlobalSection
	GlobalSection(SolutionProperties) = preSolution
		HideSolutionNode = FALSE
	EndGlobalSection
	GlobalSection(ExtensibilityGlobals) = postSolution
		SolutionGuid = {2230DBDE-9F3B-4089-AF9C-2670AB40CC0C}
	EndGlobalSection
EndGlobal
